
Microsoft Visual Studio Solution File, Format Version 12.00
# Visual Studio Version 17
VisualStudioVersion = 17.7.34031.279
MinimumVisualStudioVersion = 10.0.40219.1
Project("{9A19103F-16F7-4668-BE54-9A1E7A4F7556}") = "tmps_lab1", "tmps_lab1\tmps_lab1.csproj", "{45499913-9408-4625-9C0E-29C815B6F720}"
EndProject
Global
	GlobalSection(SolutionConfigurationPlatforms) = preSolution
		Debug|Any CPU = Debug|Any CPU
		Release|Any CPU = Release|Any CPU
	EndGlobalSection
	GlobalSection(ProjectConfigurationPlatforms) = postSolution
		{45499913-9408-4625-9C0E-29C815B6F720}.Debug|Any CPU.ActiveCfg = Debug|Any CPU
		{45499913-9408-4625-9C0E-29C815B6F720}.Debug|Any CPU.Build.0 = Debug|Any CPU
		{45499913-9408-4625-9C0E-29C815B6F720}.Release|Any CPU.ActiveCfg = Release|Any CPU
		{45499913-9408-4625-9C0E-29C815B6F720}.Release|Any CPU.Build.0 = Release|Any CPU
	EndGlobalSection
	GlobalSection(SolutionProperties) = preSolution
		HideSolutionNode = FALSE
	EndGlobalSection
	GlobalSection(ExtensibilityGlobals) = postSolution
		SolutionGuid = {EAAED71E-AF70-49C1-8EF0-6A4ACEED8DB3}
	EndGlobalSection
EndGlobal
